{
  "name": "final-iam",
  "lockfileVersion": 3,
  "requires": true,
  "packages": {
    "": {
      "dependencies": {
        "lean-ctx-bin": "^2.17.1"
      }
    },
    "node_modules/lean-ctx-bin": {
      "version": "2.17.1",
      "resolved": "https://registry.npmjs.org/lean-ctx-bin/-/lean-ctx-bin-2.17.1.tgz",
      "integrity": "sha512-y4BgfDTLGJF/o2mQlW15ON+UPw4SXkhFTkxH9FyinpYCJL1DE4Q9lKgXVeuFQSci0Tnn2z49/8F1lRd+0vCBEQ==",
      "hasInstallScript": true,
      "license": "MIT",
      "bin": {
        "lean-ctx": "bin/lean-ctx.js"
      },
      "engines": {
        "node": ">=16"
      }
    }
  }
}
